// !$*UTF8*$!
{
	archiveVersion = 1;
	classes = {
	};
	objectVersion = 55;
	objects = {

/* Begin PBXBuildFile section */
		2E9F7984A0D66CBA02983719 /* Pods_VIPER.framework in Frameworks */ = {isa = PBXBuildFile; fileRef = 7D2DB19E5C1B390F1FE09F0D /* Pods_VIPER.framework */; };
		3E04118A0EE2121059808398 /* Pods_VIPERTests.framework in Frameworks */ = {isa = PBXBuildFile; fileRef = 8A625106D62E4025D22CFFC5 /* Pods_VIPERTests.framework */; };
		B31963BB279630E200A23628 /* HomeUI.swift in Sources */ = {isa = PBXBuildFile; fileRef = B31963BA279630E200A23628 /* HomeUI.swift */; };
		B31963BD279638BF00A23628 /* IGFeedPostActionsTableViewCell.swift in Sources */ = {isa = PBXBuildFile; fileRef = B31963BC279638BF00A23628 /* IGFeedPostActionsTableViewCell.swift */; };
		B31963BF2796393A00A23628 /* IGFeedPostHeaderTableViewCell.swift in Sources */ = {isa = PBXBuildFile; fileRef = B31963BE2796393A00A23628 /* IGFeedPostHeaderTableViewCell.swift */; };
		B31963C127963D5800A23628 /* IGFeedPostTableViewCell.swift in Sources */ = {isa = PBXBuildFile; fileRef = B31963C027963D5800A23628 /* IGFeedPostTableViewCell.swift */; };
		B31963C327963DB800A23628 /* IGFeedPostDescriptionTableViewCell.swift in Sources */ = {isa = PBXBuildFile; fileRef = B31963C227963DB800A23628 /* IGFeedPostDescriptionTableViewCell.swift */; };
		B31963C527963DEC00A23628 /* IGFeedPostGeneralTableViewCell.swift in Sources */ = {isa = PBXBuildFile; fileRef = B31963C427963DEC00A23628 /* IGFeedPostGeneralTableViewCell.swift */; };
		B31963C727963E0700A23628 /* IGFeedPostFooterTableViewCell.swift in Sources */ = {isa = PBXBuildFile; fileRef = B31963C627963E0700A23628 /* IGFeedPostFooterTableViewCell.swift */; };
		B31963CA2796CCCC00A23628 /* HomeExtension.swift in Sources */ = {isa = PBXBuildFile; fileRef = B31963C92796CCCC00A23628 /* HomeExtension.swift */; };
		B31963D62796D10600A23628 /* ProfileExtension.swift in Sources */ = {isa = PBXBuildFile; fileRef = B31963D52796D10600A23628 /* ProfileExtension.swift */; };
		B31963D82796D11700A23628 /* ProfileUI.swift in Sources */ = {isa = PBXBuildFile; fileRef = B31963D72796D11600A23628 /* ProfileUI.swift */; };
		B31963DA2796D6E100A23628 /* ProfileCollectionsViews.swift in Sources */ = {isa = PBXBuildFile; fileRef = B31963D92796D6E100A23628 /* ProfileCollectionsViews.swift */; };
		B31963DC2796D91300A23628 /* PhotoCollectionViewCell.swift in Sources */ = {isa = PBXBuildFile; fileRef = B31963DB2796D91300A23628 /* PhotoCollectionViewCell.swift */; };
		B31963DF2796FD2A00A23628 /* ProfileInfoHeaderCollectionReusableView.swift in Sources */ = {isa = PBXBuildFile; fileRef = B31963DE2796FD2A00A23628 /* ProfileInfoHeaderCollectionReusableView.swift */; };
		B31963E12796FD8200A23628 /* StoryFeaturedCollectionTableViewCell.swift in Sources */ = {isa = PBXBuildFile; fileRef = B31963E02796FD8200A23628 /* StoryFeaturedCollectionTableViewCell.swift */; };
		B31963E32796FDAB00A23628 /* StoryCollectionViewCell.swift in Sources */ = {isa = PBXBuildFile; fileRef = B31963E22796FDAB00A23628 /* StoryCollectionViewCell.swift */; };
		B31963E52796FDD800A23628 /* ProfileTabsCollectionReusableView.swift in Sources */ = {isa = PBXBuildFile; fileRef = B31963E42796FDD800A23628 /* ProfileTabsCollectionReusableView.swift */; };
		B31963EC279881D000A23628 /* LaunchScreen.storyboard in Resources */ = {isa = PBXBuildFile; fileRef = B31963EB279881D000A23628 /* LaunchScreen.storyboard */; };
		B31963F227995BD500A23628 /* TextFieldWithPadding.swift in Sources */ = {isa = PBXBuildFile; fileRef = B31963F127995BD500A23628 /* TextFieldWithPadding.swift */; };
		B31963F42799801000A23628 /* LoadingButton.swift in Sources */ = {isa = PBXBuildFile; fileRef = B31963F32799801000A23628 /* LoadingButton.swift */; };
		B3A0668A27919A0B00271073 /* AppDelegate.swift in Sources */ = {isa = PBXBuildFile; fileRef = B3A0668927919A0B00271073 /* AppDelegate.swift */; };
		B3A0668C27919A0B00271073 /* SceneDelegate.swift in Sources */ = {isa = PBXBuildFile; fileRef = B3A0668B27919A0B00271073 /* SceneDelegate.swift */; };
		B3A0668E27919A0B00271073 /* ViewController.swift in Sources */ = {isa = PBXBuildFile; fileRef = B3A0668D27919A0B00271073 /* ViewController.swift */; };
		B3A0669327919A0C00271073 /* Assets.xcassets in Resources */ = {isa = PBXBuildFile; fileRef = B3A0669227919A0C00271073 /* Assets.xcassets */; };
		B3A066A127919A0C00271073 /* VIPERTests.swift in Sources */ = {isa = PBXBuildFile; fileRef = B3A066A027919A0C00271073 /* VIPERTests.swift */; };
		B3A066AB27919A0C00271073 /* VIPERUITests.swift in Sources */ = {isa = PBXBuildFile; fileRef = B3A066AA27919A0C00271073 /* VIPERUITests.swift */; };
		B3A066AD27919A0C00271073 /* VIPERUITestsLaunchTests.swift in Sources */ = {isa = PBXBuildFile; fileRef = B3A066AC27919A0C00271073 /* VIPERUITestsLaunchTests.swift */; };
		B3A4D4362791A5FF006B4CCA /* HomePresenter.swift in Sources */ = {isa = PBXBuildFile; fileRef = B3A4D42F2791A5FF006B4CCA /* HomePresenter.swift */; };
		B3A4D4372791A5FF006B4CCA /* HomeLocalDataManager.swift in Sources */ = {isa = PBXBuildFile; fileRef = B3A4D4302791A5FF006B4CCA /* HomeLocalDataManager.swift */; };
		B3A4D4382791A5FF006B4CCA /* HomeProtocols.swift in Sources */ = {isa = PBXBuildFile; fileRef = B3A4D4312791A5FF006B4CCA /* HomeProtocols.swift */; };
		B3A4D4392791A5FF006B4CCA /* HomeInteractor.swift in Sources */ = {isa = PBXBuildFile; fileRef = B3A4D4322791A5FF006B4CCA /* HomeInteractor.swift */; };
		B3A4D43A2791A5FF006B4CCA /* HomeView.swift in Sources */ = {isa = PBXBuildFile; fileRef = B3A4D4332791A5FF006B4CCA /* HomeView.swift */; };
		B3A4D43B2791A5FF006B4CCA /* HomeRemoteDataManager.swift in Sources */ = {isa = PBXBuildFile; fileRef = B3A4D4342791A5FF006B4CCA /* HomeRemoteDataManager.swift */; };
		B3A4D43C2791A5FF006B4CCA /* HomeWireFrame.swift in Sources */ = {isa = PBXBuildFile; fileRef = B3A4D4352791A5FF006B4CCA /* HomeWireFrame.swift */; };
		B3A4D44D2792C203006B4CCA /* LoginPresenter.swift in Sources */ = {isa = PBXBuildFile; fileRef = B3A4D4462792C203006B4CCA /* LoginPresenter.swift */; };
		B3A4D44E2792C203006B4CCA /* LoginLocalDataManager.swift in Sources */ = {isa = PBXBuildFile; fileRef = B3A4D4472792C203006B4CCA /* LoginLocalDataManager.swift */; };
		B3A4D44F2792C203006B4CCA /* LoginProtocols.swift in Sources */ = {isa = PBXBuildFile; fileRef = B3A4D4482792C203006B4CCA /* LoginProtocols.swift */; };
		B3A4D4502792C203006B4CCA /* LoginInteractor.swift in Sources */ = {isa = PBXBuildFile; fileRef = B3A4D4492792C203006B4CCA /* LoginInteractor.swift */; };
		B3A4D4512792C203006B4CCA /* LoginView.swift in Sources */ = {isa = PBXBuildFile; fileRef = B3A4D44A2792C203006B4CCA /* LoginView.swift */; };
		B3A4D4522792C203006B4CCA /* LoginRemoteDataManager.swift in Sources */ = {isa = PBXBuildFile; fileRef = B3A4D44B2792C203006B4CCA /* LoginRemoteDataManager.swift */; };
		B3A4D4532792C203006B4CCA /* LoginWireFrame.swift in Sources */ = {isa = PBXBuildFile; fileRef = B3A4D44C2792C203006B4CCA /* LoginWireFrame.swift */; };
		B3A4D45E2792C525006B4CCA /* Model.swift in Sources */ = {isa = PBXBuildFile; fileRef = B3A4D45D2792C525006B4CCA /* Model.swift */; };
		B3A4D4632792C59B006B4CCA /* BCApiRest.swift in Sources */ = {isa = PBXBuildFile; fileRef = B3A4D4622792C59B006B4CCA /* BCApiRest.swift */; };
		B3A4D4652792C5B1006B4CCA /* WSApiRest.swift in Sources */ = {isa = PBXBuildFile; fileRef = B3A4D4642792C5B1006B4CCA /* WSApiRest.swift */; };
		B3A4D4672792C5BF006B4CCA /* WSTranslator.swift in Sources */ = {isa = PBXBuildFile; fileRef = B3A4D4662792C5BF006B4CCA /* WSTranslator.swift */; };
		B3A4D4692792C5D1006B4CCA /* WSender.swift in Sources */ = {isa = PBXBuildFile; fileRef = B3A4D4682792C5D1006B4CCA /* WSender.swift */; };
		B3A4D46B2792C618006B4CCA /* Constants.swift in Sources */ = {isa = PBXBuildFile; fileRef = B3A4D46A2792C618006B4CCA /* Constants.swift */; };
		B3A4D46E2793675B006B4CCA /* Closures.swift in Sources */ = {isa = PBXBuildFile; fileRef = B3A4D46D2793675B006B4CCA /* Closures.swift */; };
		B3A4D470279367EA006B4CCA /* KeyChain.swift in Sources */ = {isa = PBXBuildFile; fileRef = B3A4D46F279367EA006B4CCA /* KeyChain.swift */; };
		B3A4D47327936B8F006B4CCA /* APIService.swift in Sources */ = {isa = PBXBuildFile; fileRef = B3A4D47227936B8F006B4CCA /* APIService.swift */; };
		B3A4D47627937092006B4CCA /* Token.swift in Sources */ = {isa = PBXBuildFile; fileRef = B3A4D47527937092006B4CCA /* Token.swift */; };
		B3A4D47C27941201006B4CCA /* TabBarViewController.swift in Sources */ = {isa = PBXBuildFile; fileRef = B3A4D47B27941201006B4CCA /* TabBarViewController.swift */; };
		B3A4D47E27945D37006B4CCA /* TabBarModuleBuilder.swift in Sources */ = {isa = PBXBuildFile; fileRef = B3A4D47D27945D37006B4CCA /* TabBarModuleBuilder.swift */; };
		B3A4D48027945DA7006B4CCA /* TabBarWireFrame.swift in Sources */ = {isa = PBXBuildFile; fileRef = B3A4D47F27945DA7006B4CCA /* TabBarWireFrame.swift */; };
		B3A4D489279464A9006B4CCA /* ProfilePresenter.swift in Sources */ = {isa = PBXBuildFile; fileRef = B3A4D482279464A9006B4CCA /* ProfilePresenter.swift */; };
		B3A4D48A279464A9006B4CCA /* ProfileLocalDataManager.swift in Sources */ = {isa = PBXBuildFile; fileRef = B3A4D483279464A9006B4CCA /* ProfileLocalDataManager.swift */; };
		B3A4D48B279464A9006B4CCA /* ProfileProtocols.swift in Sources */ = {isa = PBXBuildFile; fileRef = B3A4D484279464A9006B4CCA /* ProfileProtocols.swift */; };
		B3A4D48C279464A9006B4CCA /* ProfileInteractor.swift in Sources */ = {isa = PBXBuildFile; fileRef = B3A4D485279464A9006B4CCA /* ProfileInteractor.swift */; };
		B3A4D48D279464A9006B4CCA /* ProfileView.swift in Sources */ = {isa = PBXBuildFile; fileRef = B3A4D486279464A9006B4CCA /* ProfileView.swift */; };
		B3A4D48E279464A9006B4CCA /* ProfileRemoteDataManager.swift in Sources */ = {isa = PBXBuildFile; fileRef = B3A4D487279464A9006B4CCA /* ProfileRemoteDataManager.swift */; };
		B3A4D48F279464A9006B4CCA /* ProfileWireFrame.swift in Sources */ = {isa = PBXBuildFile; fileRef = B3A4D488279464A9006B4CCA /* ProfileWireFrame.swift */; };
		B3A4D49227958A32006B4CCA /* Extensions.swift in Sources */ = {isa = PBXBuildFile; fileRef = B3A4D49127958A31006B4CCA /* Extensions.swift */; };
		B3A4D495279596F5006B4CCA /* LoginUI.swift in Sources */ = {isa = PBXBuildFile; fileRef = B3A4D494279596F4006B4CCA /* LoginUI.swift */; };
		D598549660E83303FC87F2B3 /* Pods_VIPER_VIPERUITests.framework in Frameworks */ = {isa = PBXBuildFile; fileRef = E70BF9B390B942AEE1C133A1 /* Pods_VIPER_VIPERUITests.framework */; };
/* End PBXBuildFile section */

/* Begin PBXContainerItemProxy section */
		B3A0669D27919A0C00271073 /* PBXContainerItemProxy */ = {
			isa = PBXContainerItemProxy;
			containerPortal = B3A0667E27919A0B00271073 /* Project object */;
			proxyType = 1;
			remoteGlobalIDString = B3A0668527919A0B00271073;
			remoteInfo = VIPER;
		};
		B3A066A727919A0C00271073 /* PBXContainerItemProxy */ = {
			isa = PBXContainerItemProxy;
			containerPortal = B3A0667E27919A0B00271073 /* Project object */;
			proxyType = 1;
			remoteGlobalIDString = B3A0668527919A0B00271073;
			remoteInfo = VIPER;
		};
/* End PBXContainerItemProxy section */

/* Begin PBXFileReference section */
		0834592545B1AE88C95A9D6B /* Pods-VIPER.release.xcconfig */ = {isa = PBXFileReference; includeInIndex = 1; lastKnownFileType = text.xcconfig; name = "Pods-VIPER.release.xcconfig"; path = "Target Support Files/Pods-VIPER/Pods-VIPER.release.xcconfig"; sourceTree = "<group>"; };
		11DF489A818BB317B69C932D /* Pods-VIPERTests.debug.xcconfig */ = {isa = PBXFileReference; includeInIndex = 1; lastKnownFileType = text.xcconfig; name = "Pods-VIPERTests.debug.xcconfig"; path = "Target Support Files/Pods-VIPERTests/Pods-VIPERTests.debug.xcconfig"; sourceTree = "<group>"; };
		7D2DB19E5C1B390F1FE09F0D /* Pods_VIPER.framework */ = {isa = PBXFileReference; explicitFileType = wrapper.framework; includeInIndex = 0; path = Pods_VIPER.framework; sourceTree = BUILT_PRODUCTS_DIR; };
		8A625106D62E4025D22CFFC5 /* Pods_VIPERTests.framework */ = {isa = PBXFileReference; explicitFileType = wrapper.framework; includeInIndex = 0; path = Pods_VIPERTests.framework; sourceTree = BUILT_PRODUCTS_DIR; };
		AE8EAABFC7CC50F39FA8872F /* Pods-VIPER-VIPERUITests.release.xcconfig */ = {isa = PBXFileReference; includeInIndex = 1; lastKnownFileType = text.xcconfig; name = "Pods-VIPER-VIPERUITests.release.xcconfig"; path = "Target Support Files/Pods-VIPER-VIPERUITests/Pods-VIPER-VIPERUITests.release.xcconfig"; sourceTree = "<group>"; };
		B070FC6474C9CE230ACB59C0 /* Pods-VIPERTests.release.xcconfig */ = {isa = PBXFileReference; includeInIndex = 1; lastKnownFileType = text.xcconfig; name = "Pods-VIPERTests.release.xcconfig"; path = "Target Support Files/Pods-VIPERTests/Pods-VIPERTests.release.xcconfig"; sourceTree = "<group>"; };
		B31963BA279630E200A23628 /* HomeUI.swift */ = {isa = PBXFileReference; lastKnownFileType = sourcecode.swift; path = HomeUI.swift; sourceTree = "<group>"; };
		B31963BC279638BF00A23628 /* IGFeedPostActionsTableViewCell.swift */ = {isa = PBXFileReference; lastKnownFileType = sourcecode.swift; path = IGFeedPostActionsTableViewCell.swift; sourceTree = "<group>"; };
		B31963BE2796393A00A23628 /* IGFeedPostHeaderTableViewCell.swift */ = {isa = PBXFileReference; lastKnownFileType = sourcecode.swift; path = IGFeedPostHeaderTableViewCell.swift; sourceTree = "<group>"; };
		B31963C027963D5800A23628 /* IGFeedPostTableViewCell.swift */ = {isa = PBXFileReference; lastKnownFileType = sourcecode.swift; path = IGFeedPostTableViewCell.swift; sourceTree = "<group>"; };
		B31963C227963DB800A23628 /* IGFeedPostDescriptionTableViewCell.swift */ = {isa = PBXFileReference; lastKnownFileType = sourcecode.swift; path = IGFeedPostDescriptionTableViewCell.swift; sourceTree = "<group>"; };
		B31963C427963DEC00A23628 /* IGFeedPostGeneralTableViewCell.swift */ = {isa = PBXFileReference; lastKnownFileType = sourcecode.swift; path = IGFeedPostGeneralTableViewCell.swift; sourceTree = "<group>"; };
		B31963C627963E0700A23628 /* IGFeedPostFooterTableViewCell.swift */ = {isa = PBXFileReference; lastKnownFileType = sourcecode.swift; path = IGFeedPostFooterTableViewCell.swift; sourceTree = "<group>"; };
		B31963C92796CCCC00A23628 /* HomeExtension.swift */ = {isa = PBXFileReference; lastKnownFileType = sourcecode.swift; path = HomeExtension.swift; sourceTree = "<group>"; };
		B31963D52796D10600A23628 /* ProfileExtension.swift */ = {isa = PBXFileReference; lastKnownFileType = sourcecode.swift; path = ProfileExtension.swift; sourceTree = "<group>"; };
		B31963D72796D11600A23628 /* ProfileUI.swift */ = {isa = PBXFileReference; lastKnownFileType = sourcecode.swift; path = ProfileUI.swift; sourceTree = "<group>"; };
		B31963D92796D6E100A23628 /* ProfileCollectionsViews.swift */ = {isa = PBXFileReference; lastKnownFileType = sourcecode.swift; path = ProfileCollectionsViews.swift; sourceTree = "<group>"; };
		B31963DB2796D91300A23628 /* PhotoCollectionViewCell.swift */ = {isa = PBXFileReference; lastKnownFileType = sourcecode.swift; path = PhotoCollectionViewCell.swift; sourceTree = "<group>"; };
		B31963DE2796FD2A00A23628 /* ProfileInfoHeaderCollectionReusableView.swift */ = {isa = PBXFileReference; lastKnownFileType = sourcecode.swift; path = ProfileInfoHeaderCollectionReusableView.swift; sourceTree = "<group>"; };
		B31963E02796FD8200A23628 /* StoryFeaturedCollectionTableViewCell.swift */ = {isa = PBXFileReference; lastKnownFileType = sourcecode.swift; path = StoryFeaturedCollectionTableViewCell.swift; sourceTree = "<group>"; };
		B31963E22796FDAB00A23628 /* StoryCollectionViewCell.swift */ = {isa = PBXFileReference; lastKnownFileType = sourcecode.swift; path = StoryCollectionViewCell.swift; sourceTree = "<group>"; };
		B31963E42796FDD800A23628 /* ProfileTabsCollectionReusableView.swift */ = {isa = PBXFileReference; lastKnownFileType = sourcecode.swift; path = ProfileTabsCollectionReusableView.swift; sourceTree = "<group>"; };
		B31963EB279881D000A23628 /* LaunchScreen.storyboard */ = {isa = PBXFileReference; lastKnownFileType = file.storyboard; path = LaunchScreen.storyboard; sourceTree = "<group>"; };
		B31963F127995BD500A23628 /* TextFieldWithPadding.swift */ = {isa = PBXFileReference; lastKnownFileType = sourcecode.swift; path = TextFieldWithPadding.swift; sourceTree = "<group>"; };
		B31963F32799801000A23628 /* LoadingButton.swift */ = {isa = PBXFileReference; lastKnownFileType = sourcecode.swift; path = LoadingButton.swift; sourceTree = "<group>"; };
		B3A0668627919A0B00271073 /* VIPER.app */ = {isa = PBXFileReference; explicitFileType = wrapper.application; includeInIndex = 0; path = VIPER.app; sourceTree = BUILT_PRODUCTS_DIR; };
		B3A0668927919A0B00271073 /* AppDelegate.swift */ = {isa = PBXFileReference; lastKnownFileType = sourcecode.swift; path = AppDelegate.swift; sourceTree = "<group>"; };
		B3A0668B27919A0B00271073 /* SceneDelegate.swift */ = {isa = PBXFileReference; lastKnownFileType = sourcecode.swift; path = SceneDelegate.swift; sourceTree = "<group>"; };
		B3A0668D27919A0B00271073 /* ViewController.swift */ = {isa = PBXFileReference; lastKnownFileType = sourcecode.swift; path = ViewController.swift; sourceTree = "<group>"; };
		B3A0669227919A0C00271073 /* Assets.xcassets */ = {isa = PBXFileReference; lastKnownFileType = folder.assetcatalog; path = Assets.xcassets; sourceTree = "<group>"; };
		B3A0669727919A0C00271073 /* Info.plist */ = {isa = PBXFileReference; lastKnownFileType = text.plist.xml; path = Info.plist; sourceTree = "<group>"; };
		B3A0669C27919A0C00271073 /* VIPERTests.xctest */ = {isa = PBXFileReference; explicitFileType = wrapper.cfbundle; includeInIndex = 0; path = VIPERTests.xctest; sourceTree = BUILT_PRODUCTS_DIR; };
		B3A066A027919A0C00271073 /* VIPERTests.swift */ = {isa = PBXFileReference; lastKnownFileType = sourcecode.swift; path = VIPERTests.swift; sourceTree = "<group>"; };
		B3A066A627919A0C00271073 /* VIPERUITests.xctest */ = {isa = PBXFileReference; explicitFileType = wrapper.cfbundle; includeInIndex = 0; path = VIPERUITests.xctest; sourceTree = BUILT_PRODUCTS_DIR; };
		B3A066AA27919A0C00271073 /* VIPERUITests.swift */ = {isa = PBXFileReference; lastKnownFileType = sourcecode.swift; path = VIPERUITests.swift; sourceTree = "<group>"; };
		B3A066AC27919A0C00271073 /* VIPERUITestsLaunchTests.swift */ = {isa = PBXFileReference; lastKnownFileType = sourcecode.swift; path = VIPERUITestsLaunchTests.swift; sourceTree = "<group>"; };
		B3A4D42F2791A5FF006B4CCA /* HomePresenter.swift */ = {isa = PBXFileReference; lastKnownFileType = sourcecode.swift; path = HomePresenter.swift; sourceTree = "<group>"; };
		B3A4D4302791A5FF006B4CCA /* HomeLocalDataManager.swift */ = {isa = PBXFileReference; lastKnownFileType = sourcecode.swift; path = HomeLocalDataManager.swift; sourceTree = "<group>"; };
		B3A4D4312791A5FF006B4CCA /* HomeProtocols.swift */ = {isa = PBXFileReference; lastKnownFileType = sourcecode.swift; path = HomeProtocols.swift; sourceTree = "<group>"; };
		B3A4D4322791A5FF006B4CCA /* HomeInteractor.swift */ = {isa = PBXFileReference; lastKnownFileType = sourcecode.swift; path = HomeInteractor.swift; sourceTree = "<group>"; };
		B3A4D4332791A5FF006B4CCA /* HomeView.swift */ = {isa = PBXFileReference; lastKnownFileType = sourcecode.swift; path = HomeView.swift; sourceTree = "<group>"; };
		B3A4D4342791A5FF006B4CCA /* HomeRemoteDataManager.swift */ = {isa = PBXFileReference; lastKnownFileType = sourcecode.swift; path = HomeRemoteDataManager.swift; sourceTree = "<group>"; };
		B3A4D4352791A5FF006B4CCA /* HomeWireFrame.swift */ = {isa = PBXFileReference; lastKnownFileType = sourcecode.swift; path = HomeWireFrame.swift; sourceTree = "<group>"; };
		B3A4D4462792C203006B4CCA /* LoginPresenter.swift */ = {isa = PBXFileReference; lastKnownFileType = sourcecode.swift; path = LoginPresenter.swift; sourceTree = "<group>"; };
		B3A4D4472792C203006B4CCA /* LoginLocalDataManager.swift */ = {isa = PBXFileReference; lastKnownFileType = sourcecode.swift; path = LoginLocalDataManager.swift; sourceTree = "<group>"; };
		B3A4D4482792C203006B4CCA /* LoginProtocols.swift */ = {isa = PBXFileReference; lastKnownFileType = sourcecode.swift; path = LoginProtocols.swift; sourceTree = "<group>"; };
		B3A4D4492792C203006B4CCA /* LoginInteractor.swift */ = {isa = PBXFileReference; lastKnownFileType = sourcecode.swift; path = LoginInteractor.swift; sourceTree = "<group>"; };
		B3A4D44A2792C203006B4CCA /* LoginView.swift */ = {isa = PBXFileReference; lastKnownFileType = sourcecode.swift; path = LoginView.swift; sourceTree = "<group>"; };
		B3A4D44B2792C203006B4CCA /* LoginRemoteDataManager.swift */ = {isa = PBXFileReference; lastKnownFileType = sourcecode.swift; path = LoginRemoteDataManager.swift; sourceTree = "<group>"; };
		B3A4D44C2792C203006B4CCA /* LoginWireFrame.swift */ = {isa = PBXFileReference; lastKnownFileType = sourcecode.swift; path = LoginWireFrame.swift; sourceTree = "<group>"; };
		B3A4D45D2792C525006B4CCA /* Model.swift */ = {isa = PBXFileReference; lastKnownFileType = sourcecode.swift; path = Model.swift; sourceTree = "<group>"; };
		B3A4D4622792C59B006B4CCA /* BCApiRest.swift */ = {isa = PBXFileReference; lastKnownFileType = sourcecode.swift; path = BCApiRest.swift; sourceTree = "<group>"; };
		B3A4D4642792C5B1006B4CCA /* WSApiRest.swift */ = {isa = PBXFileReference; lastKnownFileType = sourcecode.swift; path = WSApiRest.swift; sourceTree = "<group>"; };
		B3A4D4662792C5BF006B4CCA /* WSTranslator.swift */ = {isa = PBXFileReference; lastKnownFileType = sourcecode.swift; path = WSTranslator.swift; sourceTree = "<group>"; };
		B3A4D4682792C5D1006B4CCA /* WSender.swift */ = {isa = PBXFileReference; lastKnownFileType = sourcecode.swift; path = WSender.swift; sourceTree = "<group>"; };
		B3A4D46A2792C618006B4CCA /* Constants.swift */ = {isa = PBXFileReference; lastKnownFileType = sourcecode.swift; path = Constants.swift; sourceTree = "<group>"; };
		B3A4D46D2793675B006B4CCA /* Closures.swift */ = {isa = PBXFileReference; lastKnownFileType = sourcecode.swift; path = Closures.swift; sourceTree = "<group>"; };
		B3A4D46F279367EA006B4CCA /* KeyChain.swift */ = {isa = PBXFileReference; lastKnownFileType = sourcecode.swift; path = KeyChain.swift; sourceTree = "<group>"; };
		B3A4D47227936B8F006B4CCA /* APIService.swift */ = {isa = PBXFileReference; lastKnownFileType = sourcecode.swift; path = APIService.swift; sourceTree = "<group>"; };
		B3A4D47527937092006B4CCA /* Token.swift */ = {isa = PBXFileReference; lastKnownFileType = sourcecode.swift; path = Token.swift; sourceTree = "<group>"; };
		B3A4D47B27941201006B4CCA /* TabBarViewController.swift */ = {isa = PBXFileReference; lastKnownFileType = sourcecode.swift; path = TabBarViewController.swift; sourceTree = "<group>"; };
		B3A4D47D27945D37006B4CCA /* TabBarModuleBuilder.swift */ = {isa = PBXFileReference; lastKnownFileType = sourcecode.swift; path = TabBarModuleBuilder.swift; sourceTree = "<group>"; };
		B3A4D47F27945DA7006B4CCA /* TabBarWireFrame.swift */ = {isa = PBXFileReference; lastKnownFileType = sourcecode.swift; path = TabBarWireFrame.swift; sourceTree = "<group>"; };
		B3A4D482279464A9006B4CCA /* ProfilePresenter.swift */ = {isa = PBXFileReference; lastKnownFileType = sourcecode.swift; path = ProfilePresenter.swift; sourceTree = "<group>"; };
		B3A4D483279464A9006B4CCA /* ProfileLocalDataManager.swift */ = {isa = PBXFileReference; lastKnownFileType = sourcecode.swift; path = ProfileLocalDataManager.swift; sourceTree = "<group>"; };
		B3A4D484279464A9006B4CCA /* ProfileProtocols.swift */ = {isa = PBXFileReference; lastKnownFileType = sourcecode.swift; path = ProfileProtocols.swift; sourceTree = "<group>"; };
		B3A4D485279464A9006B4CCA /* ProfileInteractor.swift */ = {isa = PBXFileReference; lastKnownFileType = sourcecode.swift; path = ProfileInteractor.swift; sourceTree = "<group>"; };
		B3A4D486279464A9006B4CCA /* ProfileView.swift */ = {isa = PBXFileReference; lastKnownFileType = sourcecode.swift; path = ProfileView.swift; sourceTree = "<group>"; };
		B3A4D487279464A9006B4CCA /* ProfileRemoteDataManager.swift */ = {isa = PBXFileReference; lastKnownFileType = sourcecode.swift; path = ProfileRemoteDataManager.swift; sourceTree = "<group>"; };
		B3A4D488279464A9006B4CCA /* ProfileWireFrame.swift */ = {isa = PBXFileReference; lastKnownFileType = sourcecode.swift; path = ProfileWireFrame.swift; sourceTree = "<group>"; };
		B3A4D49127958A31006B4CCA /* Extensions.swift */ = {isa = PBXFileReference; lastKnownFileType = sourcecode.swift; path = Extensions.swift; sourceTree = "<group>"; };
		B3A4D494279596F4006B4CCA /* LoginUI.swift */ = {isa = PBXFileReference; lastKnownFileType = sourcecode.swift; path = LoginUI.swift; sourceTree = "<group>"; };
		B6D91E06A3B9E3BDF69F9427 /* Pods-VIPER.debug.xcconfig */ = {isa = PBXFileReference; includeInIndex = 1; lastKnownFileType = text.xcconfig; name = "Pods-VIPER.debug.xcconfig"; path = "Target Support Files/Pods-VIPER/Pods-VIPER.debug.xcconfig"; sourceTree = "<group>"; };
		E70BF9B390B942AEE1C133A1 /* Pods_VIPER_VIPERUITests.framework */ = {isa = PBXFileReference; explicitFileType = wrapper.framework; includeInIndex = 0; path = Pods_VIPER_VIPERUITests.framework; sourceTree = BUILT_PRODUCTS_DIR; };
		F66E627C3D62E816471154AC /* Pods-VIPER-VIPERUITests.debug.xcconfig */ = {isa = PBXFileReference; includeInIndex = 1; lastKnownFileType = text.xcconfig; name = "Pods-VIPER-VIPERUITests.debug.xcconfig"; path = "Target Support Files/Pods-VIPER-VIPERUITests/Pods-VIPER-VIPERUITests.debug.xcconfig"; sourceTree = "<group>"; };
/* End PBXFileReference section */

/* Begin PBXFrameworksBuildPhase section */
		B3A0668327919A0B00271073 /* Frameworks */ = {
			isa = PBXFrameworksBuildPhase;
			buildActionMask = 2147483647;
			files = (
				2E9F7984A0D66CBA02983719 /* Pods_VIPER.framework in Frameworks */,
			);
			runOnlyForDeploymentPostprocessing = 0;
		};
		B3A0669927919A0C00271073 /* Frameworks */ = {
			isa = PBXFrameworksBuildPhase;
			buildActionMask = 2147483647;
			files = (
				3E04118A0EE2121059808398 /* Pods_VIPERTests.framework in Frameworks */,
			);
			runOnlyForDeploymentPostprocessing = 0;
		};
		B3A066A327919A0C00271073 /* Frameworks */ = {
			isa = PBXFrameworksBuildPhase;
			buildActionMask = 2147483647;
			files = (
				D598549660E83303FC87F2B3 /* Pods_VIPER_VIPERUITests.framework in Frameworks */,
			);
			runOnlyForDeploymentPostprocessing = 0;
		};
/* End PBXFrameworksBuildPhase section */

/* Begin PBXGroup section */
		5B92F2F43C65F9A661A59E6A /* Frameworks */ = {
			isa = PBXGroup;
			children = (
				7D2DB19E5C1B390F1FE09F0D /* Pods_VIPER.framework */,
				E70BF9B390B942AEE1C133A1 /* Pods_VIPER_VIPERUITests.framework */,
				8A625106D62E4025D22CFFC5 /* Pods_VIPERTests.framework */,
			);
			name = Frameworks;
			sourceTree = "<group>";
		};
		9645467E20A4AB1453CAE5AF /* Pods */ = {
			isa = PBXGroup;
			children = (
				B6D91E06A3B9E3BDF69F9427 /* Pods-VIPER.debug.xcconfig */,
				0834592545B1AE88C95A9D6B /* Pods-VIPER.release.xcconfig */,
				F66E627C3D62E816471154AC /* Pods-VIPER-VIPERUITests.debug.xcconfig */,
				AE8EAABFC7CC50F39FA8872F /* Pods-VIPER-VIPERUITests.release.xcconfig */,
				11DF489A818BB317B69C932D /* Pods-VIPERTests.debug.xcconfig */,
				B070FC6474C9CE230ACB59C0 /* Pods-VIPERTests.release.xcconfig */,
			);
			path = Pods;
			sourceTree = "<group>";
		};
		B31963B9279630CE00A23628 /* Ui */ = {
			isa = PBXGroup;
			children = (
				B31963C92796CCCC00A23628 /* HomeExtension.swift */,
				B31963BA279630E200A23628 /* HomeUI.swift */,
			);
			path = Ui;
			sourceTree = "<group>";
		};
		B31963DD2796FD1F00A23628 /* Header */ = {
			isa = PBXGroup;
			children = (
				B31963DE2796FD2A00A23628 /* ProfileInfoHeaderCollectionReusableView.swift */,
				B31963E02796FD8200A23628 /* StoryFeaturedCollectionTableViewCell.swift */,
				B31963E42796FDD800A23628 /* ProfileTabsCollectionReusableView.swift */,
			);
			path = Header;
			sourceTree = "<group>";
		};
		B31963E62797F34400A23628 /* Modules */ = {
			isa = PBXGroup;
			children = (
				B3A4D488279464A9006B4CCA /* ProfileWireFrame.swift */,
				B3A4D484279464A9006B4CCA /* ProfileProtocols.swift */,
				B3A4D483279464A9006B4CCA /* ProfileLocalDataManager.swift */,
				B3A4D487279464A9006B4CCA /* ProfileRemoteDataManager.swift */,
				B3A4D485279464A9006B4CCA /* ProfileInteractor.swift */,
				B3A4D482279464A9006B4CCA /* ProfilePresenter.swift */,
				B3A4D486279464A9006B4CCA /* ProfileView.swift */,
			);
			path = Modules;
			sourceTree = "<group>";
		};
		B31963E72797F36B00A23628 /* Cell */ = {
			isa = PBXGroup;
			children = (
				B31963DD2796FD1F00A23628 /* Header */,
				B31963D92796D6E100A23628 /* ProfileCollectionsViews.swift */,
				B31963DB2796D91300A23628 /* PhotoCollectionViewCell.swift */,
				B31963E22796FDAB00A23628 /* StoryCollectionViewCell.swift */,
			);
			path = Cell;
			sourceTree = "<group>";
		};
		B31963E82797F4E400A23628 /* Ui */ = {
			isa = PBXGroup;
			children = (
				B31963D52796D10600A23628 /* ProfileExtension.swift */,
				B31963D72796D11600A23628 /* ProfileUI.swift */,
			);
			path = Ui;
			sourceTree = "<group>";
		};
		B31963ED2798849B00A23628 /* Modules */ = {
			isa = PBXGroup;
			children = (
				B3A4D47427936DCE006B4CCA /* Entity */,
				B3A4D45B2792C303006B4CCA /* WireFrame */,
				B3A4D45A2792C2F7006B4CCA /* Protocol */,
				B3A4D4562792C2C4006B4CCA /* LocalManager */,
				B3A4D4572792C2D6006B4CCA /* RemoteManager */,
				B3A4D4592792C2E9006B4CCA /* Interactor */,
				B3A4D4552792C2BA006B4CCA /* Presenter */,
				B3A4D4542792C2AF006B4CCA /* View */,
			);
			path = Modules;
			sourceTree = "<group>";
		};
		B31963EF279884BF00A23628 /* Ui */ = {
			isa = PBXGroup;
			children = (
				B3A4D494279596F4006B4CCA /* LoginUI.swift */,
			);
			path = Ui;
			sourceTree = "<group>";
		};
		B31963F0279884FC00A23628 /* Modules */ = {
			isa = PBXGroup;
			children = (
				B3A4D4352791A5FF006B4CCA /* HomeWireFrame.swift */,
				B3A4D4312791A5FF006B4CCA /* HomeProtocols.swift */,
				B3A4D4302791A5FF006B4CCA /* HomeLocalDataManager.swift */,
				B3A4D4342791A5FF006B4CCA /* HomeRemoteDataManager.swift */,
				B3A4D4322791A5FF006B4CCA /* HomeInteractor.swift */,
				B3A4D42F2791A5FF006B4CCA /* HomePresenter.swift */,
				B3A4D4332791A5FF006B4CCA /* HomeView.swift */,
			);
			path = Modules;
			sourceTree = "<group>";
		};
		B3A0667D27919A0B00271073 = {
			isa = PBXGroup;
			children = (
				B31963EB279881D000A23628 /* LaunchScreen.storyboard */,
				B3A0668827919A0B00271073 /* VIPER */,
				B3A0669F27919A0C00271073 /* VIPERTests */,
				B3A066A927919A0C00271073 /* VIPERUITests */,
				B3A0668727919A0B00271073 /* Products */,
				9645467E20A4AB1453CAE5AF /* Pods */,
				5B92F2F43C65F9A661A59E6A /* Frameworks */,
			);
			sourceTree = "<group>";
		};
		B3A0668727919A0B00271073 /* Products */ = {
			isa = PBXGroup;
			children = (
				B3A0668627919A0B00271073 /* VIPER.app */,
				B3A0669C27919A0C00271073 /* VIPERTests.xctest */,
				B3A066A627919A0C00271073 /* VIPERUITests.xctest */,
			);
			name = Products;
			sourceTree = "<group>";
		};
		B3A0668827919A0B00271073 /* VIPER */ = {
			isa = PBXGroup;
			children = (
				B3A4D42C2791A3E4006B4CCA /* App */,
				B3A4D45F2792C53E006B4CCA /* Web Service */,
				B3A0668927919A0B00271073 /* AppDelegate.swift */,
				B3A0668B27919A0B00271073 /* SceneDelegate.swift */,
				B3A0668D27919A0B00271073 /* ViewController.swift */,
				B3A4D46A2792C618006B4CCA /* Constants.swift */,
				B3A0669227919A0C00271073 /* Assets.xcassets */,
				B3A0669727919A0C00271073 /* Info.plist */,
			);
			path = VIPER;
			sourceTree = "<group>";
		};
		B3A0669F27919A0C00271073 /* VIPERTests */ = {
			isa = PBXGroup;
			children = (
				B3A066A027919A0C00271073 /* VIPERTests.swift */,
			);
			path = VIPERTests;
			sourceTree = "<group>";
		};
		B3A066A927919A0C00271073 /* VIPERUITests */ = {
			isa = PBXGroup;
			children = (
				B3A066AA27919A0C00271073 /* VIPERUITests.swift */,
				B3A066AC27919A0C00271073 /* VIPERUITestsLaunchTests.swift */,
			);
			path = VIPERUITests;
			sourceTree = "<group>";
		};
		B3A4D42C2791A3E4006B4CCA /* App */ = {
			isa = PBXGroup;
			children = (
				B3A4D4902794689F006B4CCA /* Common */,
				B3A4D45C2792C50C006B4CCA /* Model */,
				B3A4D42D2791A3EC006B4CCA /* Scenes */,
			);
			path = App;
			sourceTree = "<group>";
		};
		B3A4D42D2791A3EC006B4CCA /* Scenes */ = {
			isa = PBXGroup;
			children = (
				B3A4D47A279410AC006B4CCA /* TabBar */,
				B3A4D4452792C1DA006B4CCA /* Onboarding */,
				B3A4D48127946487006B4CCA /* Profile */,
				B3A4D42E2791A404006B4CCA /* Home */,
			);
			path = Scenes;
			sourceTree = "<group>";
		};
		B3A4D42E2791A404006B4CCA /* Home */ = {
			isa = PBXGroup;
			children = (
				B31963B9279630CE00A23628 /* Ui */,
				B3A4D4442791BF02006B4CCA /* Cell */,
				B31963F0279884FC00A23628 /* Modules */,
			);
			path = Home;
			sourceTree = "<group>";
		};
		B3A4D4442791BF02006B4CCA /* Cell */ = {
			isa = PBXGroup;
			children = (
				B31963BC279638BF00A23628 /* IGFeedPostActionsTableViewCell.swift */,
				B31963BE2796393A00A23628 /* IGFeedPostHeaderTableViewCell.swift */,
				B31963C027963D5800A23628 /* IGFeedPostTableViewCell.swift */,
				B31963C227963DB800A23628 /* IGFeedPostDescriptionTableViewCell.swift */,
				B31963C427963DEC00A23628 /* IGFeedPostGeneralTableViewCell.swift */,
				B31963C627963E0700A23628 /* IGFeedPostFooterTableViewCell.swift */,
			);
			path = Cell;
			sourceTree = "<group>";
		};
		B3A4D4452792C1DA006B4CCA /* Onboarding */ = {
			isa = PBXGroup;
			children = (
				B3A4D47727937565006B4CCA /* Login */,
			);
			path = Onboarding;
			sourceTree = "<group>";
		};
		B3A4D4542792C2AF006B4CCA /* View */ = {
			isa = PBXGroup;
			children = (
				B3A4D44A2792C203006B4CCA /* LoginView.swift */,
			);
			path = View;
			sourceTree = "<group>";
		};
		B3A4D4552792C2BA006B4CCA /* Presenter */ = {
			isa = PBXGroup;
			children = (
				B3A4D4462792C203006B4CCA /* LoginPresenter.swift */,
			);
			path = Presenter;
			sourceTree = "<group>";
		};
		B3A4D4562792C2C4006B4CCA /* LocalManager */ = {
			isa = PBXGroup;
			children = (
				B3A4D4472792C203006B4CCA /* LoginLocalDataManager.swift */,
			);
			path = LocalManager;
			sourceTree = "<group>";
		};
		B3A4D4572792C2D6006B4CCA /* RemoteManager */ = {
			isa = PBXGroup;
			children = (
				B3A4D44B2792C203006B4CCA /* LoginRemoteDataManager.swift */,
			);
			path = RemoteManager;
			sourceTree = "<group>";
		};
		B3A4D4592792C2E9006B4CCA /* Interactor */ = {
			isa = PBXGroup;
			children = (
				B3A4D4492792C203006B4CCA /* LoginInteractor.swift */,
			);
			path = Interactor;
			sourceTree = "<group>";
		};
		B3A4D45A2792C2F7006B4CCA /* Protocol */ = {
			isa = PBXGroup;
			children = (
				B3A4D4482792C203006B4CCA /* LoginProtocols.swift */,
			);
			path = Protocol;
			sourceTree = "<group>";
		};
		B3A4D45B2792C303006B4CCA /* WireFrame */ = {
			isa = PBXGroup;
			children = (
				B3A4D44C2792C203006B4CCA /* LoginWireFrame.swift */,
			);
			path = WireFrame;
			sourceTree = "<group>";
		};
		B3A4D45C2792C50C006B4CCA /* Model */ = {
			isa = PBXGroup;
			children = (
				B3A4D45D2792C525006B4CCA /* Model.swift */,
			);
			path = Model;
			sourceTree = "<group>";
		};
		B3A4D45F2792C53E006B4CCA /* Web Service */ = {
			isa = PBXGroup;
			children = (
				B3A4D4602792C554006B4CCA /* Bc */,
				B3A4D4612792C562006B4CCA /* Ws */,
			);
			path = "Web Service";
			sourceTree = "<group>";
		};
		B3A4D4602792C554006B4CCA /* Bc */ = {
			isa = PBXGroup;
			children = (
				B3A4D4622792C59B006B4CCA /* BCApiRest.swift */,
			);
			path = Bc;
			sourceTree = "<group>";
		};
		B3A4D4612792C562006B4CCA /* Ws */ = {
			isa = PBXGroup;
			children = (
				B3A4D4642792C5B1006B4CCA /* WSApiRest.swift */,
				B3A4D4662792C5BF006B4CCA /* WSTranslator.swift */,
				B3A4D4682792C5D1006B4CCA /* WSender.swift */,
			);
			path = Ws;
			sourceTree = "<group>";
		};
		B3A4D46C27936749006B4CCA /* Resources */ = {
			isa = PBXGroup;
			children = (
				B3A4D46D2793675B006B4CCA /* Closures.swift */,
				B3A4D46F279367EA006B4CCA /* KeyChain.swift */,
				B3A4D47527937092006B4CCA /* Token.swift */,
				B3A4D49127958A31006B4CCA /* Extensions.swift */,
				B31963F127995BD500A23628 /* TextFieldWithPadding.swift */,
				B31963F32799801000A23628 /* LoadingButton.swift */,
			);
			path = Resources;
			sourceTree = "<group>";
		};
		B3A4D47127936B6B006B4CCA /* Repository */ = {
			isa = PBXGroup;
			children = (
				B3A4D47227936B8F006B4CCA /* APIService.swift */,
			);
			path = Repository;
			sourceTree = "<group>";
		};
		B3A4D47427936DCE006B4CCA /* Entity */ = {
			isa = PBXGroup;
			children = (
			);
			path = Entity;
			sourceTree = "<group>";
		};
		B3A4D47727937565006B4CCA /* Login */ = {
			isa = PBXGroup;
			children = (
				B31963EF279884BF00A23628 /* Ui */,
				B3A4D47927940F93006B4CCA /* Cell */,
				B31963ED2798849B00A23628 /* Modules */,
			);
			path = Login;
			sourceTree = "<group>";
		};
		B3A4D47927940F93006B4CCA /* Cell */ = {
			isa = PBXGroup;
			children = (
			);
			path = Cell;
			sourceTree = "<group>";
		};
		B3A4D47A279410AC006B4CCA /* TabBar */ = {
			isa = PBXGroup;
			children = (
				B3A4D47B27941201006B4CCA /* TabBarViewController.swift */,
				B3A4D47D27945D37006B4CCA /* TabBarModuleBuilder.swift */,
				B3A4D47F27945DA7006B4CCA /* TabBarWireFrame.swift */,
			);
			path = TabBar;
			sourceTree = "<group>";
		};
		B3A4D48127946487006B4CCA /* Profile */ = {
			isa = PBXGroup;
			children = (
				B31963E82797F4E400A23628 /* Ui */,
				B31963E72797F36B00A23628 /* Cell */,
				B31963E62797F34400A23628 /* Modules */,
			);
			path = Profile;
			sourceTree = "<group>";
		};
		B3A4D4902794689F006B4CCA /* Common */ = {
			isa = PBXGroup;
			children = (
				B3A4D46C27936749006B4CCA /* Resources */,
				B3A4D47127936B6B006B4CCA /* Repository */,
			);
			path = Common;
			sourceTree = "<group>";
		};
/* End PBXGroup section */

/* Begin PBXNativeTarget section */
		B3A0668527919A0B00271073 /* VIPER */ = {
			isa = PBXNativeTarget;
			buildConfigurationList = B3A066B027919A0C00271073 /* Build configuration list for PBXNativeTarget "VIPER" */;
			buildPhases = (
				9BD042464E17E89E37D80D08 /* [CP] Check Pods Manifest.lock */,
				B3A0668227919A0B00271073 /* Sources */,
				B3A0668327919A0B00271073 /* Frameworks */,
				B3A0668427919A0B00271073 /* Resources */,
				CBC3E3FF6F95B17557ACCB28 /* [CP] Embed Pods Frameworks */,
			);
			buildRules = (
			);
			dependencies = (
			);
			name = VIPER;
			productName = VIPER;
			productReference = B3A0668627919A0B00271073 /* VIPER.app */;
			productType = "com.apple.product-type.application";
		};
		B3A0669B27919A0C00271073 /* VIPERTests */ = {
			isa = PBXNativeTarget;
			buildConfigurationList = B3A066B327919A0C00271073 /* Build configuration list for PBXNativeTarget "VIPERTests" */;
			buildPhases = (
				791926E3948E8DCF3F58F759 /* [CP] Check Pods Manifest.lock */,
				B3A0669827919A0C00271073 /* Sources */,
				B3A0669927919A0C00271073 /* Frameworks */,
				B3A0669A27919A0C00271073 /* Resources */,
			);
			buildRules = (
			);
			dependencies = (
				B3A0669E27919A0C00271073 /* PBXTargetDependency */,
			);
			name = VIPERTests;
			productName = VIPERTests;
			productReference = B3A0669C27919A0C00271073 /* VIPERTests.xctest */;
			productType = "com.apple.product-type.bundle.unit-test";
		};
		B3A066A527919A0C00271073 /* VIPERUITests */ = {
			isa = PBXNativeTarget;
			buildConfigurationList = B3A066B627919A0C00271073 /* Build configuration list for PBXNativeTarget "VIPERUITests" */;
			buildPhases = (
				FE78BB74C8FADAD3775F3BC1 /* [CP] Check Pods Manifest.lock */,
				B3A066A227919A0C00271073 /* Sources */,
				B3A066A327919A0C00271073 /* Frameworks */,
				B3A066A427919A0C00271073 /* Resources */,
				7BED63D2E81FF71FA0E013BF /* [CP] Embed Pods Frameworks */,
			);
			buildRules = (
			);
			dependencies = (
				B3A066A827919A0C00271073 /* PBXTargetDependency */,
			);
			name = VIPERUITests;
			productName = VIPERUITests;
			productReference = B3A066A627919A0C00271073 /* VIPERUITests.xctest */;
			productType = "com.apple.product-type.bundle.ui-testing";
		};
/* End PBXNativeTarget section */

/* Begin PBXProject section */
		B3A0667E27919A0B00271073 /* Project object */ = {
			isa = PBXProject;
			attributes = {
				BuildIndependentTargetsInParallel = 1;
				LastSwiftUpdateCheck = 1320;
				LastUpgradeCheck = 1320;
				TargetAttributes = {
					B3A0668527919A0B00271073 = {
						CreatedOnToolsVersion = 13.2.1;
					};
					B3A0669B27919A0C00271073 = {
						CreatedOnToolsVersion = 13.2.1;
						TestTargetID = B3A0668527919A0B00271073;
					};
					B3A066A527919A0C00271073 = {
						CreatedOnToolsVersion = 13.2.1;
						TestTargetID = B3A0668527919A0B00271073;
					};
				};
			};
			buildConfigurationList = B3A0668127919A0B00271073 /* Build configuration list for PBXProject "VIPER" */;
			compatibilityVersion = "Xcode 13.0";
			developmentRegion = en;
			hasScannedForEncodings = 0;
			knownRegions = (
				en,
				Base,
			);
			mainGroup = B3A0667D27919A0B00271073;
			productRefGroup = B3A0668727919A0B00271073 /* Products */;
			projectDirPath = "";
			projectRoot = "";
			targets = (
				B3A0668527919A0B00271073 /* VIPER */,
				B3A0669B27919A0C00271073 /* VIPERTests */,
				B3A066A527919A0C00271073 /* VIPERUITests */,
			);
		};
/* End PBXProject section */

/* Begin PBXResourcesBuildPhase section */
		B3A0668427919A0B00271073 /* Resources */ = {
			isa = PBXResourcesBuildPhase;
			buildActionMask = 2147483647;
			files = (
				B3A0669327919A0C00271073 /* Assets.xcassets in Resources */,
				B31963EC279881D000A23628 /* LaunchScreen.storyboard in Resources */,
			);
			runOnlyForDeploymentPostprocessing = 0;
		};
		B3A0669A27919A0C00271073 /* Resources */ = {
			isa = PBXResourcesBuildPhase;
			buildActionMask = 2147483647;
			files = (
			);
			runOnlyForDeploymentPostprocessing = 0;
		};
		B3A066A427919A0C00271073 /* Resources */ = {
			isa = PBXResourcesBuildPhase;
			buildActionMask = 2147483647;
			files = (
			);
			runOnlyForDeploymentPostprocessing = 0;
		};
/* End PBXResourcesBuildPhase section */

/* Begin PBXShellScriptBuildPhase section */
		791926E3948E8DCF3F58F759 /* [CP] Check Pods Manifest.lock */ = {
			isa = PBXShellScriptBuildPhase;
			buildActionMask = 2147483647;
			files = (
			);
			inputFileListPaths = (
			);
			inputPaths = (
				"${PODS_PODFILE_DIR_PATH}/Podfile.lock",
				"${PODS_ROOT}/Manifest.lock",
			);
			name = "[CP] Check Pods Manifest.lock";
			outputFileListPaths = (
			);
			outputPaths = (
				"$(DERIVED_FILE_DIR)/Pods-VIPERTests-checkManifestLockResult.txt",
			);
			runOnlyForDeploymentPostprocessing = 0;
			shellPath = /bin/sh;
			shellScript = "diff \"${PODS_PODFILE_DIR_PATH}/Podfile.lock\" \"${PODS_ROOT}/Manifest.lock\" > /dev/null\nif [ $? != 0 ] ; then\n    # print error to STDERR\n    echo \"error: The sandbox is not in sync with the Podfile.lock. Run 'pod install' or update your CocoaPods installation.\" >&2\n    exit 1\nfi\n# This output is used by Xcode 'outputs' to avoid re-running this script phase.\necho \"SUCCESS\" > \"${SCRIPT_OUTPUT_FILE_0}\"\n";
			showEnvVarsInLog = 0;
		};
		7BED63D2E81FF71FA0E013BF /* [CP] Embed Pods Frameworks */ = {
			isa = PBXShellScriptBuildPhase;
			buildActionMask = 2147483647;
			files = (
			);
			inputFileListPaths = (
				"${PODS_ROOT}/Target Support Files/Pods-VIPER-VIPERUITests/Pods-VIPER-VIPERUITests-frameworks-${CONFIGURATION}-input-files.xcfilelist",
			);
			name = "[CP] Embed Pods Frameworks";
			outputFileListPaths = (
				"${PODS_ROOT}/Target Support Files/Pods-VIPER-VIPERUITests/Pods-VIPER-VIPERUITests-frameworks-${CONFIGURATION}-output-files.xcfilelist",
			);
			runOnlyForDeploymentPostprocessing = 0;
			shellPath = /bin/sh;
			shellScript = "\"${PODS_ROOT}/Target Support Files/Pods-VIPER-VIPERUITests/Pods-VIPER-VIPERUITests-frameworks.sh\"\n";
			showEnvVarsInLog = 0;
		};
		9BD042464E17E89E37D80D08 /* [CP] Check Pods Manifest.lock */ = {
			isa = PBXShellScriptBuildPhase;
			buildActionMask = 2147483647;
			files = (
			);
			inputFileListPaths = (
			);
			inputPaths = (
				"${PODS_PODFILE_DIR_PATH}/Podfile.lock",
				"${PODS_ROOT}/Manifest.lock",
			);
			name = "[CP] Check Pods Manifest.lock";
			outputFileListPaths = (
			);
			outputPaths = (
				"$(DERIVED_FILE_DIR)/Pods-VIPER-checkManifestLockResult.txt",
			);
			runOnlyForDeploymentPostprocessing = 0;
			shellPath = /bin/sh;
			shellScript = "diff \"${PODS_PODFILE_DIR_PATH}/Podfile.lock\" \"${PODS_ROOT}/Manifest.lock\" > /dev/null\nif [ $? != 0 ] ; then\n    # print error to STDERR\n    echo \"error: The sandbox is not in sync with the Podfile.lock. Run 'pod install' or update your CocoaPods installation.\" >&2\n    exit 1\nfi\n# This output is used by Xcode 'outputs' to avoid re-running this script phase.\necho \"SUCCESS\" > \"${SCRIPT_OUTPUT_FILE_0}\"\n";
			showEnvVarsInLog = 0;
		};
		CBC3E3FF6F95B17557ACCB28 /* [CP] Embed Pods Frameworks */ = {
			isa = PBXShellScriptBuildPhase;
			buildActionMask = 2147483647;
			files = (
			);
			inputFileListPaths = (
				"${PODS_ROOT}/Target Support Files/Pods-VIPER/Pods-VIPER-frameworks-${CONFIGURATION}-input-files.xcfilelist",
			);
			name = "[CP] Embed Pods Frameworks";
			outputFileListPaths = (
				"${PODS_ROOT}/Target Support Files/Pods-VIPER/Pods-VIPER-frameworks-${CONFIGURATION}-output-files.xcfilelist",
			);
			runOnlyForDeploymentPostprocessing = 0;
			shellPath = /bin/sh;
			shellScript = "\"${PODS_ROOT}/Target Support Files/Pods-VIPER/Pods-VIPER-frameworks.sh\"\n";
			showEnvVarsInLog = 0;
		};
		FE78BB74C8FADAD3775F3BC1 /* [CP] Check Pods Manifest.lock */ = {
			isa = PBXShellScriptBuildPhase;
			buildActionMask = 2147483647;
			files = (
			);
			inputFileListPaths = (
			);
			inputPaths = (
				"${PODS_PODFILE_DIR_PATH}/Podfile.lock",
				"${PODS_ROOT}/Manifest.lock",
			);
			name = "[CP] Check Pods Manifest.lock";
			outputFileListPaths = (
			);
			outputPaths = (
				"$(DERIVED_FILE_DIR)/Pods-VIPER-VIPERUITests-checkManifestLockResult.txt",
			);
			runOnlyForDeploymentPostprocessing = 0;
			shellPath = /bin/sh;
			shellScript = "diff \"${PODS_PODFILE_DIR_PATH}/Podfile.lock\" \"${PODS_ROOT}/Manifest.lock\" > /dev/null\nif [ $? != 0 ] ; then\n    # print error to STDERR\n    echo \"error: The sandbox is not in sync with the Podfile.lock. Run 'pod install' or update your CocoaPods installation.\" >&2\n    exit 1\nfi\n# This output is used by Xcode 'outputs' to avoid re-running this script phase.\necho \"SUCCESS\" > \"${SCRIPT_OUTPUT_FILE_0}\"\n";
			showEnvVarsInLog = 0;
		};
/* End PBXShellScriptBuildPhase section */

/* Begin PBXSourcesBuildPhase section */
		B3A0668227919A0B00271073 /* Sources */ = {
			isa = PBXSourcesBuildPhase;
			buildActionMask = 2147483647;
			files = (
				B3A0668E27919A0B00271073 /* ViewController.swift in Sources */,
				B3A4D4522792C203006B4CCA /* LoginRemoteDataManager.swift in Sources */,
				B3A4D48C279464A9006B4CCA /* ProfileInteractor.swift in Sources */,
				B3A0668A27919A0B00271073 /* AppDelegate.swift in Sources */,
				B31963DA2796D6E100A23628 /* ProfileCollectionsViews.swift in Sources */,
				B3A4D4502792C203006B4CCA /* LoginInteractor.swift in Sources */,
				B3A4D48B279464A9006B4CCA /* ProfileProtocols.swift in Sources */,
				B31963BB279630E200A23628 /* HomeUI.swift in Sources */,
				B3A4D489279464A9006B4CCA /* ProfilePresenter.swift in Sources */,
				B3A4D49227958A32006B4CCA /* Extensions.swift in Sources */,
				B3A4D48E279464A9006B4CCA /* ProfileRemoteDataManager.swift in Sources */,
				B3A4D48F279464A9006B4CCA /* ProfileWireFrame.swift in Sources */,
				B31963DF2796FD2A00A23628 /* ProfileInfoHeaderCollectionReusableView.swift in Sources */,
				B31963C127963D5800A23628 /* IGFeedPostTableViewCell.swift in Sources */,
				B3A4D47C27941201006B4CCA /* TabBarViewController.swift in Sources */,
				B3A4D4692792C5D1006B4CCA /* WSender.swift in Sources */,
				B31963C727963E0700A23628 /* IGFeedPostFooterTableViewCell.swift in Sources */,
				B31963D82796D11700A23628 /* ProfileUI.swift in Sources */,
				B3A4D4512792C203006B4CCA /* LoginView.swift in Sources */,
				B3A4D46B2792C618006B4CCA /* Constants.swift in Sources */,
				B3A4D48A279464A9006B4CCA /* ProfileLocalDataManager.swift in Sources */,
				B31963F42799801000A23628 /* LoadingButton.swift in Sources */,
				B31963E12796FD8200A23628 /* StoryFeaturedCollectionTableViewCell.swift in Sources */,
				B31963E32796FDAB00A23628 /* StoryCollectionViewCell.swift in Sources */,
				B3A4D48D279464A9006B4CCA /* ProfileView.swift in Sources */,
				B3A4D470279367EA006B4CCA /* KeyChain.swift in Sources */,
				B3A4D4372791A5FF006B4CCA /* HomeLocalDataManager.swift in Sources */,
				B3A4D47627937092006B4CCA /* Token.swift in Sources */,
				B3A4D47E27945D37006B4CCA /* TabBarModuleBuilder.swift in Sources */,
				B3A4D48027945DA7006B4CCA /* TabBarWireFrame.swift in Sources */,
				B3A0668C27919A0B00271073 /* SceneDelegate.swift in Sources */,
				B3A4D44D2792C203006B4CCA /* LoginPresenter.swift in Sources */,
				B31963CA2796CCCC00A23628 /* HomeExtension.swift in Sources */,
				B3A4D4652792C5B1006B4CCA /* WSApiRest.swift in Sources */,
				B31963C527963DEC00A23628 /* IGFeedPostGeneralTableViewCell.swift in Sources */,
				B3A4D4382791A5FF006B4CCA /* HomeProtocols.swift in Sources */,
				B3A4D4632792C59B006B4CCA /* BCApiRest.swift in Sources */,
				B31963D62796D10600A23628 /* ProfileExtension.swift in Sources */,
				B3A4D45E2792C525006B4CCA /* Model.swift in Sources */,
				B31963BF2796393A00A23628 /* IGFeedPostHeaderTableViewCell.swift in Sources */,
				B3A4D43A2791A5FF006B4CCA /* HomeView.swift in Sources */,
				B3A4D43B2791A5FF006B4CCA /* HomeRemoteDataManager.swift in Sources */,
				B31963DC2796D91300A23628 /* PhotoCollectionViewCell.swift in Sources */,
				B3A4D4362791A5FF006B4CCA /* HomePresenter.swift in Sources */,
				B3A4D46E2793675B006B4CCA /* Closures.swift in Sources */,
				B3A4D44F2792C203006B4CCA /* LoginProtocols.swift in Sources */,
				B3A4D4392791A5FF006B4CCA /* HomeInteractor.swift in Sources */,
				B3A4D4672792C5BF006B4CCA /* WSTranslator.swift in Sources */,
				B3A4D47327936B8F006B4CCA /* APIService.swift in Sources */,
				B3A4D43C2791A5FF006B4CCA /* HomeWireFrame.swift in Sources */,
				B31963F227995BD500A23628 /* TextFieldWithPadding.swift in Sources */,
				B31963E52796FDD800A23628 /* ProfileTabsCollectionReusableView.swift in Sources */,
				B31963BD279638BF00A23628 /* IGFeedPostActionsTableViewCell.swift in Sources */,
				B31963C327963DB800A23628 /* IGFeedPostDescriptionTableViewCell.swift in Sources */,
				B3A4D495279596F5006B4CCA /* LoginUI.swift in Sources */,
				B3A4D44E2792C203006B4CCA /* LoginLocalDataManager.swift in Sources */,
				B3A4D4532792C203006B4CCA /* LoginWireFrame.swift in Sources */,
			);
			runOnlyForDeploymentPostprocessing = 0;
		};
		B3A0669827919A0C00271073 /* Sources */ = {
			isa = PBXSourcesBuildPhase;
			buildActionMask = 2147483647;
			files = (
				B3A066A127919A0C00271073 /* VIPERTests.swift in Sources */,
			);
			runOnlyForDeploymentPostprocessing = 0;
		};
		B3A066A227919A0C00271073 /* Sources */ = {
			isa = PBXSourcesBuildPhase;
			buildActionMask = 2147483647;
			files = (
				B3A066AB27919A0C00271073 /* VIPERUITests.swift in Sources */,
				B3A066AD27919A0C00271073 /* VIPERUITestsLaunchTests.swift in Sources */,
			);
			runOnlyForDeploymentPostprocessing = 0;
		};
/* End PBXSourcesBuildPhase section */

/* Begin PBXTargetDependency section */
		B3A0669E27919A0C00271073 /* PBXTargetDependency */ = {
			isa = PBXTargetDependency;
			target = B3A0668527919A0B00271073 /* VIPER */;
			targetProxy = B3A0669D27919A0C00271073 /* PBXContainerItemProxy */;
		};
		B3A066A827919A0C00271073 /* PBXTargetDependency */ = {
			isa = PBXTargetDependency;
			target = B3A0668527919A0B00271073 /* VIPER */;
			targetProxy = B3A066A727919A0C00271073 /* PBXContainerItemProxy */;
		};
/* End PBXTargetDependency section */

/* Begin XCBuildConfiguration section */
		B3A066AE27919A0C00271073 /* Debug */ = {
			isa = XCBuildConfiguration;
			buildSettings = {
				ALWAYS_SEARCH_USER_PATHS = NO;
				CLANG_ANALYZER_NONNULL = YES;
				CLANG_ANALYZER_NUMBER_OBJECT_CONVERSION = YES_AGGRESSIVE;
				CLANG_CXX_LANGUAGE_STANDARD = "gnu++17";
				CLANG_CXX_LIBRARY = "libc++";
				CLANG_ENABLE_MODULES = YES;
				CLANG_ENABLE_OBJC_ARC = YES;
				CLANG_ENABLE_OBJC_WEAK = YES;
				CLANG_WARN_BLOCK_CAPTURE_AUTORELEASING = YES;
				CLANG_WARN_BOOL_CONVERSION = YES;
				CLANG_WARN_COMMA = YES;
				CLANG_WARN_CONSTANT_CONVERSION = YES;
				CLANG_WARN_DEPRECATED_OBJC_IMPLEMENTATIONS = YES;
				CLANG_WARN_DIRECT_OBJC_ISA_USAGE = YES_ERROR;
				CLANG_WARN_DOCUMENTATION_COMMENTS = YES;
				CLANG_WARN_EMPTY_BODY = YES;
				CLANG_WARN_ENUM_CONVERSION = YES;
				CLANG_WARN_INFINITE_RECURSION = YES;
				CLANG_WARN_INT_CONVERSION = YES;
				CLANG_WARN_NON_LITERAL_NULL_CONVERSION = YES;
				CLANG_WARN_OBJC_IMPLICIT_RETAIN_SELF = YES;
				CLANG_WARN_OBJC_LITERAL_CONVERSION = YES;
				CLANG_WARN_OBJC_ROOT_CLASS = YES_ERROR;
				CLANG_WARN_QUOTED_INCLUDE_IN_FRAMEWORK_HEADER = YES;
				CLANG_WARN_RANGE_LOOP_ANALYSIS = YES;
				CLANG_WARN_STRICT_PROTOTYPES = YES;
				CLANG_WARN_SUSPICIOUS_MOVE = YES;
				CLANG_WARN_UNGUARDED_AVAILABILITY = YES_AGGRESSIVE;
				CLANG_WARN_UNREACHABLE_CODE = YES;
				CLANG_WARN__DUPLICATE_METHOD_MATCH = YES;
				COPY_PHASE_STRIP = NO;
				DEBUG_INFORMATION_FORMAT = dwarf;
				ENABLE_STRICT_OBJC_MSGSEND = YES;
				ENABLE_TESTABILITY = YES;
				GCC_C_LANGUAGE_STANDARD = gnu11;
				GCC_DYNAMIC_NO_PIC = NO;
				GCC_NO_COMMON_BLOCKS = YES;
				GCC_OPTIMIZATION_LEVEL = 0;
				GCC_PREPROCESSOR_DEFINITIONS = (
					"DEBUG=1",
					"$(inherited)",
				);
				GCC_WARN_64_TO_32_BIT_CONVERSION = YES;
				GCC_WARN_ABOUT_RETURN_TYPE = YES_ERROR;
				GCC_WARN_UNDECLARED_SELECTOR = YES;
				GCC_WARN_UNINITIALIZED_AUTOS = YES_AGGRESSIVE;
				GCC_WARN_UNUSED_FUNCTION = YES;
				GCC_WARN_UNUSED_VARIABLE = YES;
				IPHONEOS_DEPLOYMENT_TARGET = 15.2;
				MTL_ENABLE_DEBUG_INFO = INCLUDE_SOURCE;
				MTL_FAST_MATH = YES;
				ONLY_ACTIVE_ARCH = YES;
				SDKROOT = iphoneos;
				SWIFT_ACTIVE_COMPILATION_CONDITIONS = DEBUG;
				SWIFT_OPTIMIZATION_LEVEL = "-Onone";
			};
			name = Debug;
		};
		B3A066AF27919A0C00271073 /* Release */ = {
			isa = XCBuildConfiguration;
			buildSettings = {
				ALWAYS_SEARCH_USER_PATHS = NO;
				CLANG_ANALYZER_NONNULL = YES;
				CLANG_ANALYZER_NUMBER_OBJECT_CONVERSION = YES_AGGRESSIVE;
				CLANG_CXX_LANGUAGE_STANDARD = "gnu++17";
				CLANG_CXX_LIBRARY = "libc++";
				CLANG_ENABLE_MODULES = YES;
				CLANG_ENABLE_OBJC_ARC = YES;
				CLANG_ENABLE_OBJC_WEAK = YES;
				CLANG_WARN_BLOCK_CAPTURE_AUTORELEASING = YES;
				CLANG_WARN_BOOL_CONVERSION = YES;
				CLANG_WARN_COMMA = YES;
				CLANG_WARN_CONSTANT_CONVERSION = YES;
				CLANG_WARN_DEPRECATED_OBJC_IMPLEMENTATIONS = YES;
				CLANG_WARN_DIRECT_OBJC_ISA_USAGE = YES_ERROR;
				CLANG_WARN_DOCUMENTATION_COMMENTS = YES;
				CLANG_WARN_EMPTY_BODY = YES;
				CLANG_WARN_ENUM_CONVERSION = YES;
				CLANG_WARN_INFINITE_RECURSION = YES;
				CLANG_WARN_INT_CONVERSION = YES;
				CLANG_WARN_NON_LITERAL_NULL_CONVERSION = YES;
				CLANG_WARN_OBJC_IMPLICIT_RETAIN_SELF = YES;
				CLANG_WARN_OBJC_LITERAL_CONVERSION = YES;
				CLANG_WARN_OBJC_ROOT_CLASS = YES_ERROR;
				CLANG_WARN_QUOTED_INCLUDE_IN_FRAMEWORK_HEADER = YES;
				CLANG_WARN_RANGE_LOOP_ANALYSIS = YES;
				CLANG_WARN_STRICT_PROTOTYPES = YES;
				CLANG_WARN_SUSPICIOUS_MOVE = YES;
				CLANG_WARN_UNGUARDED_AVAILABILITY = YES_AGGRESSIVE;
				CLANG_WARN_UNREACHABLE_CODE = YES;
				CLANG_WARN__DUPLICATE_METHOD_MATCH = YES;
				COPY_PHASE_STRIP = NO;
				DEBUG_INFORMATION_FORMAT = "dwarf-with-dsym";
				ENABLE_NS_ASSERTIONS = NO;
				ENABLE_STRICT_OBJC_MSGSEND = YES;
				GCC_C_LANGUAGE_STANDARD = gnu11;
				GCC_NO_COMMON_BLOCKS = YES;
				GCC_WARN_64_TO_32_BIT_CONVERSION = YES;
				GCC_WARN_ABOUT_RETURN_TYPE = YES_ERROR;
				GCC_WARN_UNDECLARED_SELECTOR = YES;
				GCC_WARN_UNINITIALIZED_AUTOS = YES_AGGRESSIVE;
				GCC_WARN_UNUSED_FUNCTION = YES;
				GCC_WARN_UNUSED_VARIABLE = YES;
				IPHONEOS_DEPLOYMENT_TARGET = 15.2;
				MTL_ENABLE_DEBUG_INFO = NO;
				MTL_FAST_MATH = YES;
				SDKROOT = iphoneos;
				SWIFT_COMPILATION_MODE = wholemodule;
				SWIFT_OPTIMIZATION_LEVEL = "-O";
				VALIDATE_PRODUCT = YES;
			};
			name = Release;
		};
		B3A066B127919A0C00271073 /* Debug */ = {
			isa = XCBuildConfiguration;
			baseConfigurationReference = B6D91E06A3B9E3BDF69F9427 /* Pods-VIPER.debug.xcconfig */;
			buildSettings = {
				ASSETCATALOG_COMPILER_APPICON_NAME = AppIcon;
				ASSETCATALOG_COMPILER_GLOBAL_ACCENT_COLOR_NAME = AccentColor;
				CODE_SIGN_STYLE = Automatic;
				CURRENT_PROJECT_VERSION = 1;
				DEVELOPMENT_TEAM = 34LBG6P59G;
				GENERATE_INFOPLIST_FILE = YES;
				INFOPLIST_FILE = VIPER/Info.plist;
				INFOPLIST_KEY_UIApplicationSupportsIndirectInputEvents = YES;
				INFOPLIST_KEY_UILaunchStoryboardName = LaunchScreen;
				INFOPLIST_KEY_UISupportedInterfaceOrientations_iPad = "UIInterfaceOrientationPortrait UIInterfaceOrientationPortraitUpsideDown UIInterfaceOrientationLandscapeLeft UIInterfaceOrientationLandscapeRight";
				INFOPLIST_KEY_UISupportedInterfaceOrientations_iPhone = "UIInterfaceOrientationPortrait UIInterfaceOrientationLandscapeLeft UIInterfaceOrientationLandscapeRight";
				LD_RUNPATH_SEARCH_PATHS = (
					"$(inherited)",
					"@executable_path/Frameworks",
				);
				MARKETING_VERSION = 1.0;
				PRODUCT_BUNDLE_IDENTIFIER = EddyLujan.VIPER;
				PRODUCT_NAME = "$(TARGET_NAME)";
				SWIFT_EMIT_LOC_STRINGS = YES;
				SWIFT_VERSION = 5.0;
				TARGETED_DEVICE_FAMILY = 1;
			};
			name = Debug;
		};
		B3A066B227919A0C00271073 /* Release */ = {
			isa = XCBuildConfiguration;
			baseConfigurationReference = 0834592545B1AE88C95A9D6B /* Pods-VIPER.release.xcconfig */;
			buildSettings = {
				ASSETCATALOG_COMPILER_APPICON_NAME = AppIcon;
				ASSETCATALOG_COMPILER_GLOBAL_ACCENT_COLOR_NAME = AccentColor;
				CODE_SIGN_STYLE = Automatic;
				CURRENT_PROJECT_VERSION = 1;
				DEVELOPMENT_TEAM = 34LBG6P59G;
				GENERATE_INFOPLIST_FILE = YES;
				INFOPLIST_FILE = VIPER/Info.plist;
				INFOPLIST_KEY_UIApplicationSupportsIndirectInputEvents = YES;
				INFOPLIST_KEY_UILaunchStoryboardName = LaunchScreen;
				INFOPLIST_KEY_UISupportedInterfaceOrientations_iPad = "UIInterfaceOrientationPortrait UIInterfaceOrientationPortraitUpsideDown UIInterfaceOrientationLandscapeLeft UIInterfaceOrientationLandscapeRight";
				INFOPLIST_KEY_UISupportedInterfaceOrientations_iPhone = "UIInterfaceOrientationPortrait UIInterfaceOrientationLandscapeLeft UIInterfaceOrientationLandscapeRight";
				LD_RUNPATH_SEARCH_PATHS = (
					"$(inherited)",
					"@executable_path/Frameworks",
				);
				MARKETING_VERSION = 1.0;
				PRODUCT_BUNDLE_IDENTIFIER = EddyLujan.VIPER;
				PRODUCT_NAME = "$(TARGET_NAME)";
				SWIFT_EMIT_LOC_STRINGS = YES;
				SWIFT_VERSION = 5.0;
				TARGETED_DEVICE_FAMILY = 1;
			};
			name = Release;
		};
		B3A066B427919A0C00271073 /* Debug */ = {
			isa = XCBuildConfiguration;
			baseConfigurationReference = 11DF489A818BB317B69C932D /* Pods-VIPERTests.debug.xcconfig */;
			buildSettings = {
				ALWAYS_EMBED_SWIFT_STANDARD_LIBRARIES = YES;
				BUNDLE_LOADER = "$(TEST_HOST)";
				CODE_SIGN_STYLE = Automatic;
				CURRENT_PROJECT_VERSION = 1;
				DEVELOPMENT_TEAM = 34LBG6P59G;
				GENERATE_INFOPLIST_FILE = YES;
				IPHONEOS_DEPLOYMENT_TARGET = 15.2;
				MARKETING_VERSION = 1.0;
				PRODUCT_BUNDLE_IDENTIFIER = EddyLujan.VIPERTests;
				PRODUCT_NAME = "$(TARGET_NAME)";
				SWIFT_EMIT_LOC_STRINGS = NO;
				SWIFT_VERSION = 5.0;
				TARGETED_DEVICE_FAMILY = "1,2";
				TEST_HOST = "$(BUILT_PRODUCTS_DIR)/VIPER.app/VIPER";
			};
			name = Debug;
		};
		B3A066B527919A0C00271073 /* Release */ = {
			isa = XCBuildConfiguration;
			baseConfigurationReference = B070FC6474C9CE230ACB59C0 /* Pods-VIPERTests.release.xcconfig */;
			buildSettings = {
				ALWAYS_EMBED_SWIFT_STANDARD_LIBRARIES = YES;
				BUNDLE_LOADER = "$(TEST_HOST)";
				CODE_SIGN_STYLE = Automatic;
				CURRENT_PROJECT_VERSION = 1;
				DEVELOPMENT_TEAM = 34LBG6P59G;
				GENERATE_INFOPLIST_FILE = YES;
				IPHONEOS_DEPLOYMENT_TARGET = 15.2;
				MARKETING_VERSION = 1.0;
				PRODUCT_BUNDLE_IDENTIFIER = EddyLujan.VIPERTests;
				PRODUCT_NAME = "$(TARGET_NAME)";
				SWIFT_EMIT_LOC_STRINGS = NO;
				SWIFT_VERSION = 5.0;
				TARGETED_DEVICE_FAMILY = "1,2";
				TEST_HOST = "$(BUILT_PRODUCTS_DIR)/VIPER.app/VIPER";
			};
			name = Release;
		};
		B3A066B727919A0C00271073 /* Debug */ = {
			isa = XCBuildConfiguration;
			baseConfigurationReference = F66E627C3D62E816471154AC /* Pods-VIPER-VIPERUITests.debug.xcconfig */;
			buildSettings = {
				ALWAYS_EMBED_SWIFT_STANDARD_LIBRARIES = YES;
				CODE_SIGN_STYLE = Automatic;
				CURRENT_PROJECT_VERSION = 1;
				DEVELOPMENT_TEAM = 34LBG6P59G;
				GENERATE_INFOPLIST_FILE = YES;
				MARKETING_VERSION = 1.0;
				PRODUCT_BUNDLE_IDENTIFIER = EddyLujan.VIPERUITests;
				PRODUCT_NAME = "$(TARGET_NAME)";
				SWIFT_EMIT_LOC_STRINGS = NO;
				SWIFT_VERSION = 5.0;
				TARGETED_DEVICE_FAMILY = "1,2";
				TEST_TARGET_NAME = VIPER;
			};
			name = Debug;
		};
		B3A066B827919A0C00271073 /* Release */ = {
			isa = XCBuildConfiguration;
			baseConfigurationReference = AE8EAABFC7CC50F39FA8872F /* Pods-VIPER-VIPERUITests.release.xcconfig */;
			buildSettings = {
				ALWAYS_EMBED_SWIFT_STANDARD_LIBRARIES = YES;
				CODE_SIGN_STYLE = Automatic;
				CURRENT_PROJECT_VERSION = 1;
				DEVELOPMENT_TEAM = 34LBG6P59G;
				GENERATE_INFOPLIST_FILE = YES;
				MARKETING_VERSION = 1.0;
				PRODUCT_BUNDLE_IDENTIFIER = EddyLujan.VIPERUITests;
				PRODUCT_NAME = "$(TARGET_NAME)";
				SWIFT_EMIT_LOC_STRINGS = NO;
				SWIFT_VERSION = 5.0;
				TARGETED_DEVICE_FAMILY = "1,2";
				TEST_TARGET_NAME = VIPER;
			};
			name = Release;
		};
/* End XCBuildConfiguration section */

/* Begin XCConfigurationList section */
		B3A0668127919A0B00271073 /* Build configuration list for PBXProject "VIPER" */ = {
			isa = XCConfigurationList;
			buildConfigurations = (
				B3A066AE27919A0C00271073 /* Debug */,
				B3A066AF27919A0C00271073 /* Release */,
			);
			defaultConfigurationIsVisible = 0;
			defaultConfigurationName = Release;
		};
		B3A066B027919A0C00271073 /* Build configuration list for PBXNativeTarget "VIPER" */ = {
			isa = XCConfigurationList;
			buildConfigurations = (
				B3A066B127919A0C00271073 /* Debug */,
				B3A066B227919A0C00271073 /* Release */,
			);
			defaultConfigurationIsVisible = 0;
			defaultConfigurationName = Release;
		};
		B3A066B327919A0C00271073 /* Build configuration list for PBXNativeTarget "VIPERTests" */ = {
			isa = XCConfigurationList;
			buildConfigurations = (
				B3A066B427919A0C00271073 /* Debug */,
				B3A066B527919A0C00271073 /* Release */,
			);
			defaultConfigurationIsVisible = 0;
			defaultConfigurationName = Release;
		};
		B3A066B627919A0C00271073 /* Build configuration list for PBXNativeTarget "VIPERUITests" */ = {
			isa = XCConfigurationList;
			buildConfigurations = (
				B3A066B727919A0C00271073 /* Debug */,
				B3A066B827919A0C00271073 /* Release */,
			);
			defaultConfigurationIsVisible = 0;
			defaultConfigurationName = Release;
		};
/* End XCConfigurationList section */
	};
	rootObject = B3A0667E27919A0B00271073 /* Project object */;
}
